{
  "nodes": {
    "nix-filter": {
      "locked": {
        "lastModified": 1701697642,
        "narHash": "sha256-L217WytWZHSY8GW9Gx1A64OnNctbuDbfslaTEofXXRw=",
        "owner": "numtide",
        "repo": "nix-filter",
        "rev": "c843418ecfd0344ecb85844b082ff5675e02c443",
        "type": "github"
      },
      "original": {
        "owner": "numtide",
        "repo": "nix-filter",
        "type": "github"
      }
    },
    "nixpkgs": {
      "locked": {
        "lastModified": 1702151865,
        "narHash": "sha256-9VAt19t6yQa7pHZLDbil/QctAgVsA66DLnzdRGqDisg=",
        "owner": "nixos",
        "repo": "nixpkgs",
        "rev": "666fc80e7b2afb570462423cb0e1cf1a3a34fedd",
        "type": "github"
      },
      "original": {
        "owner": "nixos",
        "ref": "nixos-unstable",
        "repo": "nixpkgs",
        "type": "github"
      }
    },
    "root": {
      "inputs": {
        "nix-filter": "nix-filter",
        "nixpkgs": "nixpkgs",
        "unix-compat": "unix-compat"
      }
    },
    "unix-compat": {
      "flake": false,
      "locked": {
        "lastModified": 1701861515,
        "narHash": "sha256-bmAC5BD3pI2QhGlWedob7FWu3fNKhRlXcjxzb+3M6nE=",
        "owner": "haskell-pkg-janitors",
        "repo": "unix-compat",
        "rev": "cf977e1818be3a08362ab43a78c5b84a4c5c9b2a",
        "type": "github"
      },
      "original": {
        "owner": "haskell-pkg-janitors",
        "repo": "unix-compat",
        "type": "github"
      }
    }
  },
  "root": "root",
  "version": 7
}
